
Microsoft Visual Studio Solution File, Format Version 12.00
# Visual Studio Version 17
VisualStudioVersion = 17.5.33414.496
MinimumVisualStudioVersion = 10.0.40219.1
Project("{8BC9CEB8-8B4A-11D0-8D11-00A0C91BC942}") = "Grid", "Grid.vcxproj", "{F8484C9B-C4DF-4378-878C-36C99DAA28CB}"
EndProject
Global
	GlobalSection(SolutionConfigurationPlatforms) = preSolution
		Debug|x64 = Debug|x64
		Debug|x86 = Debug|x86
		Release|x64 = Release|x64
		Release|x86 = Release|x86
	EndGlobalSection
	GlobalSection(ProjectConfigurationPlatforms) = postSolution
		{F8484C9B-C4DF-4378-878C-36C99DAA28CB}.Debug|x64.ActiveCfg = Debug|x64
		{F8484C9B-C4DF-4378-878C-36C99DAA28CB}.Debug|x64.Build.0 = Debug|x64
		{F8484C9B-C4DF-4378-878C-36C99DAA28CB}.Debug|x86.ActiveCfg = Debug|Win32
		{F8484C9B-C4DF-4378-878C-36C99DAA28CB}.Debug|x86.Build.0 = Debug|Win32
		{F8484C9B-C4DF-4378-878C-36C99DAA28CB}.Release|x64.ActiveCfg = Release|x64
		{F8484C9B-C4DF-4378-878C-36C99DAA28CB}.Release|x64.Build.0 = Release|x64
		{F8484C9B-C4DF-4378-878C-36C99DAA28CB}.Release|x86.ActiveCfg = Release|Win32
		{F8484C9B-C4DF-4378-878C-36C99DAA28CB}.Release|x86.Build.0 = Release|Win32
	EndGlobalSection
	GlobalSection(SolutionProperties) = preSolution
		HideSolutionNode = FALSE
	EndGlobalSection
	GlobalSection(ExtensibilityGlobals) = postSolution
		SolutionGuid = {F1AF8210-9D76-4C04-A4D7-83F2D098B82A}
	EndGlobalSection
EndGlobal
